github.com/benmcclelland/sgio v0.0.0-20180629175614-f710aebf64c1 h1:f1AIRyf6d21xBd1DirrIa6fk41O3LB0WvVuVqhPN4co=
github.com/benmcclelland/sgio v0.0.0-20180629175614-f710aebf64c1/go.mod h1:WdrapyVn/Aduwwf/OMW6sEtk9+7BSoMst1kGrx4E4xE=
github.com/jasonlvhit/gocron v0.0.0-20180312192515-54194c9749d4 h1:pxDHjTXOh3pcCRouZv+QBWXZAzjEMX4WYH9zueqlJmo=
github.com/jasonlvhit/gocron v0.0.0-20180312192515-54194c9749d4/go.mod h1:rwi/esz/h+4oWLhbWWK7f6dtmgLzxeZhnwGr7MCsTNk=
