# This file is autogenerated, do not edit; changes may be undone by the next 'dep ensure'.


[[projects]]
  name = "github.com/benmcclelland/sgio"
  packages = ["."]
  revision = "f710aebf64c1cdd232326293a187011f6df77707"

[solve-meta]
  analyzer-name = "dep"
  analyzer-version = 1
  inputs-digest = "4c5a152fe8fd0b3b5c000784b5d371409c89c3183bee18d35cd186f4db786bc1"
  solver-name = "gps-cdcl"
  solver-version = 1
